
Microsoft Visual Studio Solution File, Format Version 12.00
# Visual Studio Version 17
VisualStudioVersion = 17.3.32819.101
MinimumVisualStudioVersion = 10.0.40219.1
Project("{2150E333-8FDC-42A3-9474-1A3956D46DE8}") = "Docs", "Docs", "{509832E3-07A5-430E-96C7-BF0ADDDBF367}"
EndProject
Project("{2150E333-8FDC-42A3-9474-1A3956D46DE8}") = "Source", "Source", "{89D86148-F613-4187-90A9-316F05C4BED2}"
EndProject
Project("{2150E333-8FDC-42A3-9474-1A3956D46DE8}") = "Test", "Test", "{95A5B8D6-6F1D-4E5C-9193-7AC34178E943}"
EndProject
Project("{2150E333-8FDC-42A3-9474-1A3956D46DE8}") = "Core", "Core", "{54827EBE-FDE1-47EA-AED6-961F348D7517}"
EndProject
Project("{2150E333-8FDC-42A3-9474-1A3956D46DE8}") = "Infrastructure", "Infrastructure", "{F7C667C8-C51E-4216-8215-6310017B3030}"
EndProject
Project("{2150E333-8FDC-42A3-9474-1A3956D46DE8}") = "Presentation", "Presentation", "{B2B9D681-3957-4E5E-AABC-A2775CD9AD49}"
EndProject
Project("{9A19103F-16F7-4668-BE54-9A1E7A4F7556}") = "Application", "Application\Application.csproj", "{3772196E-F1CD-4D78-A670-F27AAA14FEA6}"
EndProject
Project("{9A19103F-16F7-4668-BE54-9A1E7A4F7556}") = "Domain", "Domain\Domain.csproj", "{D6A51E16-CBD0-46F3-BA2D-7E212157A733}"
EndProject
Project("{9A19103F-16F7-4668-BE54-9A1E7A4F7556}") = "Infrastructure", "Infrastructure\Infrastructure.csproj", "{B2D17A9B-408B-4339-91BA-B9835AE7DA9C}"
EndProject
Project("{9A19103F-16F7-4668-BE54-9A1E7A4F7556}") = "Persistence", "Persistence\Persistence.csproj", "{52574AEF-E536-48DA-9E8D-44B220316FAE}"
EndProject
Project("{9A19103F-16F7-4668-BE54-9A1E7A4F7556}") = "Api_Endpoint", "Api_Endpoint\Api_Endpoint.csproj", "{2575C21E-790C-4B28-96F8-DE42960DB6F3}"
	ProjectSection(ProjectDependencies) = postProject
		{52574AEF-E536-48DA-9E8D-44B220316FAE} = {52574AEF-E536-48DA-9E8D-44B220316FAE}
	EndProjectSection
EndProject
Project("{9A19103F-16F7-4668-BE54-9A1E7A4F7556}") = "Logging", "Logging\Logging.csproj", "{99F19D18-3B71-4780-A07E-9AFF7B4BD24B}"
EndProject
Global
	GlobalSection(SolutionConfigurationPlatforms) = preSolution
		Debug|Any CPU = Debug|Any CPU
		Release|Any CPU = Release|Any CPU
	EndGlobalSection
	GlobalSection(ProjectConfigurationPlatforms) = postSolution
		{3772196E-F1CD-4D78-A670-F27AAA14FEA6}.Debug|Any CPU.ActiveCfg = Debug|Any CPU
		{3772196E-F1CD-4D78-A670-F27AAA14FEA6}.Debug|Any CPU.Build.0 = Debug|Any CPU
		{3772196E-F1CD-4D78-A670-F27AAA14FEA6}.Release|Any CPU.ActiveCfg = Release|Any CPU
		{3772196E-F1CD-4D78-A670-F27AAA14FEA6}.Release|Any CPU.Build.0 = Release|Any CPU
		{D6A51E16-CBD0-46F3-BA2D-7E212157A733}.Debug|Any CPU.ActiveCfg = Debug|Any CPU
		{D6A51E16-CBD0-46F3-BA2D-7E212157A733}.Debug|Any CPU.Build.0 = Debug|Any CPU
		{D6A51E16-CBD0-46F3-BA2D-7E212157A733}.Release|Any CPU.ActiveCfg = Release|Any CPU
		{D6A51E16-CBD0-46F3-BA2D-7E212157A733}.Release|Any CPU.Build.0 = Release|Any CPU
		{B2D17A9B-408B-4339-91BA-B9835AE7DA9C}.Debug|Any CPU.ActiveCfg = Debug|Any CPU
		{B2D17A9B-408B-4339-91BA-B9835AE7DA9C}.Debug|Any CPU.Build.0 = Debug|Any CPU
		{B2D17A9B-408B-4339-91BA-B9835AE7DA9C}.Release|Any CPU.ActiveCfg = Release|Any CPU
		{B2D17A9B-408B-4339-91BA-B9835AE7DA9C}.Release|Any CPU.Build.0 = Release|Any CPU
		{52574AEF-E536-48DA-9E8D-44B220316FAE}.Debug|Any CPU.ActiveCfg = Debug|Any CPU
		{52574AEF-E536-48DA-9E8D-44B220316FAE}.Debug|Any CPU.Build.0 = Debug|Any CPU
		{52574AEF-E536-48DA-9E8D-44B220316FAE}.Release|Any CPU.ActiveCfg = Release|Any CPU
		{52574AEF-E536-48DA-9E8D-44B220316FAE}.Release|Any CPU.Build.0 = Release|Any CPU
		{2575C21E-790C-4B28-96F8-DE42960DB6F3}.Debug|Any CPU.ActiveCfg = Debug|Any CPU
		{2575C21E-790C-4B28-96F8-DE42960DB6F3}.Debug|Any CPU.Build.0 = Debug|Any CPU
		{2575C21E-790C-4B28-96F8-DE42960DB6F3}.Release|Any CPU.ActiveCfg = Release|Any CPU
		{2575C21E-790C-4B28-96F8-DE42960DB6F3}.Release|Any CPU.Build.0 = Release|Any CPU
		{99F19D18-3B71-4780-A07E-9AFF7B4BD24B}.Debug|Any CPU.ActiveCfg = Debug|Any CPU
		{99F19D18-3B71-4780-A07E-9AFF7B4BD24B}.Debug|Any CPU.Build.0 = Debug|Any CPU
		{99F19D18-3B71-4780-A07E-9AFF7B4BD24B}.Release|Any CPU.ActiveCfg = Release|Any CPU
		{99F19D18-3B71-4780-A07E-9AFF7B4BD24B}.Release|Any CPU.Build.0 = Release|Any CPU
	EndGlobalSection
	GlobalSection(SolutionProperties) = preSolution
		HideSolutionNode = FALSE
	EndGlobalSection
	GlobalSection(NestedProjects) = preSolution
		{54827EBE-FDE1-47EA-AED6-961F348D7517} = {89D86148-F613-4187-90A9-316F05C4BED2}
		{F7C667C8-C51E-4216-8215-6310017B3030} = {89D86148-F613-4187-90A9-316F05C4BED2}
		{B2B9D681-3957-4E5E-AABC-A2775CD9AD49} = {89D86148-F613-4187-90A9-316F05C4BED2}
		{3772196E-F1CD-4D78-A670-F27AAA14FEA6} = {54827EBE-FDE1-47EA-AED6-961F348D7517}
		{D6A51E16-CBD0-46F3-BA2D-7E212157A733} = {54827EBE-FDE1-47EA-AED6-961F348D7517}
		{B2D17A9B-408B-4339-91BA-B9835AE7DA9C} = {F7C667C8-C51E-4216-8215-6310017B3030}
		{52574AEF-E536-48DA-9E8D-44B220316FAE} = {F7C667C8-C51E-4216-8215-6310017B3030}
		{2575C21E-790C-4B28-96F8-DE42960DB6F3} = {B2B9D681-3957-4E5E-AABC-A2775CD9AD49}
		{99F19D18-3B71-4780-A07E-9AFF7B4BD24B} = {F7C667C8-C51E-4216-8215-6310017B3030}
	EndGlobalSection
	GlobalSection(ExtensibilityGlobals) = postSolution
		SolutionGuid = {AC11821A-A638-4186-9DA1-1AECFB9CDFCE}
	EndGlobalSection
EndGlobal
